
Microsoft Visual Studio Solution File, Format Version 12.00
# Visual Studio Version 16
VisualStudioVersion = 16.0.30717.126
MinimumVisualStudioVersion = 10.0.40219.1
Project("{FAE04EC0-301F-11D3-BF4B-00C04F79EFBC}") = "SharpMic", "SharpMic\SharpMic.csproj", "{195A6CFC-1894-4F0A-82E3-F9ED475E3984}"
EndProject
Global
	GlobalSection(SolutionConfigurationPlatforms) = preSolution
		Debug|Any CPU = Debug|Any CPU
		Release|Any CPU = Release|Any CPU
	EndGlobalSection
	GlobalSection(ProjectConfigurationPlatforms) = postSolution
		{195A6CFC-1894-4F0A-82E3-F9ED475E3984}.Debug|Any CPU.ActiveCfg = Debug|Any CPU
		{195A6CFC-1894-4F0A-82E3-F9ED475E3984}.Debug|Any CPU.Build.0 = Debug|Any CPU
		{195A6CFC-1894-4F0A-82E3-F9ED475E3984}.Release|Any CPU.ActiveCfg = Release|Any CPU
		{195A6CFC-1894-4F0A-82E3-F9ED475E3984}.Release|Any CPU.Build.0 = Release|Any CPU
	EndGlobalSection
	GlobalSection(SolutionProperties) = preSolution
		HideSolutionNode = FALSE
	EndGlobalSection
	GlobalSection(ExtensibilityGlobals) = postSolution
		SolutionGuid = {494C7DDB-CD7D-413D-9D5A-2C06827AC2EC}
	EndGlobalSection
EndGlobal
